{
  "projectName": "spring-automocker",
  "projectVersion": "1.2.2-SNAPSHOT",
  "analysisTimestamp": "2025-09-19T16:00:00Z",
  "packageManagers": ["maven"],
  "runtimeVersions": {
    "java": "1.8"
  },
  "directDependencies": {
    "org.springframework:spring-context": {
      "version": "5.1.5.RELEASE",
      "scope": "provided",
      "license": "Apache-2.0",
      "vulnerabilities": []
    },
    "org.springframework:spring-test": {
      "version": "5.1.5.RELEASE",
      "scope": "provided",
      "license": "Apache-2.0",
      "vulnerabilities": []
    },
    "org.slf4j:slf4j-api": {
      "version": "1.7.26",
      "scope": "compile",
      "license": "MIT",
      "vulnerabilities": []
    },
    "com.google.guava:guava": {
      "version": "27.1-jre",
      "scope": "compile",
      "license": "Apache-2.0",
      "vulnerabilities": []
    },
    "org.springframework:spring-web": {
      "version": "5.1.5.RELEASE",
      "scope": "provided",
      "license": "Apache-2.0",
      "vulnerabilities": []
    },
    "javax.servlet:javax.servlet-api": {
      "version": "4.0.1",
      "scope": "provided",
      "license": "CDDL-1.1",
      "vulnerabilities": []
    },
    "org.hamcrest:hamcrest-core": {
      "version": "2.1",
      "scope": "provided",
      "license": "BSD-3-Clause",
      "vulnerabilities": []
    },
    "org.springframework:spring-jms": {
      "version": "5.1.5.RELEASE",
      "scope": "provided",
      "license": "Apache-2.0",
      "vulnerabilities": []
    },
    "javax.jms:javax.jms-api": {
      "version": "2.0.1",
      "scope": "provided",
      "license": "CDDL-1.1",
      "vulnerabilities": []
    },
    "com.mockrunner:mockrunner-jms": {
      "version": "2.0.1",
      "scope": "provided",
      "license": "Apache-2.0",
      "vulnerabilities": [],
      "exclusions": [
        {
          "groupId": "xerces",
          "artifactId": "xercesImpl"
        }
      ]
    },
    "org.assertj:assertj-core": {
      "version": "3.12.1",
      "scope": "provided",
      "license": "Apache-2.0",
      "vulnerabilities": []
    },
    "io.dropwizard.metrics:metrics-graphite": {
      "version": "4.0.5",
      "scope": "provided",
      "license": "Apache-2.0",
      "vulnerabilities": []
    },
    "io.micrometer:micrometer-registry-graphite": {
      "version": "1.1.3",
      "scope": "provided",
      "license": "Apache-2.0",
      "vulnerabilities": []
    },
    "org.springframework.amqp:spring-rabbit": {
      "version": "2.1.4.RELEASE",
      "scope": "provided",
      "license": "Apache-2.0",
      "vulnerabilities": []
    },
    "com.github.fridujo:rabbitmq-mock": {
      "version": "1.0.10",
      "scope": "provided",
      "license": "Apache-2.0",
      "vulnerabilities": []
    },
    "org.junit.jupiter:junit-jupiter-api": {
      "version": "5.4.0",
      "scope": "test",
      "license": "EPL-2.0",
      "vulnerabilities": []
    },
    "org.junit.jupiter:junit-jupiter-engine": {
      "version": "5.4.0",
      "scope": "test",
      "license": "EPL-2.0",
      "vulnerabilities": []
    },
    "org.junit.jupiter:junit-jupiter-params": {
      "version": "5.4.0",
      "scope": "test",
      "license": "EPL-2.0",
      "vulnerabilities": []
    },
    "org.mockito:mockito-core": {
      "version": "2.25.0",
      "scope": "test",
      "license": "MIT",
      "vulnerabilities": []
    },
    "com.h2database:h2": {
      "version": "1.4.199",
      "scope": "test",
      "license": "MPL-2.0 or EPL-1.0",
      "vulnerabilities": [
        {
          "id": "CVE-2021-23463",
          "severity": "high",
          "description": "JdbcUtils in H2 through 1.4.200 mishandles the driver name in connection URLs, which can lead to SSRF and remote leakage of JDBC connection usernames and passwords.",
          "fixedInVersion": "2.0.202"
        }
      ]
    },
    "org.hsqldb:hsqldb": {
      "version": "2.4.1",
      "scope": "test",
      "license": "BSD",
      "vulnerabilities": []
    }
  },
  "transitiveDependencies": {
    "org.springframework:spring-core": {
      "version": "5.1.5.RELEASE",
      "license": "Apache-2.0",
      "requiredBy": ["org.springframework:spring-context", "org.springframework:spring-test", "org.springframework:spring-web", "org.springframework:spring-jms"],
      "vulnerabilities": []
    },
    "org.springframework:spring-beans": {
      "version": "5.1.5.RELEASE",
      "license": "Apache-2.0",
      "requiredBy": ["org.springframework:spring-context"],
      "vulnerabilities": []
    },
    "org.springframework:spring-aop": {
      "version": "5.1.5.RELEASE",
      "license": "Apache-2.0",
      "requiredBy": ["org.springframework:spring-context"],
      "vulnerabilities": []
    },
    "org.springframework:spring-expression": {
      "version": "5.1.5.RELEASE",
      "license": "Apache-2.0",
      "requiredBy": ["org.springframework:spring-context"],
      "vulnerabilities": []
    },
    "org.opentest4j:opentest4j": {
      "version": "1.1.1",
      "license": "Apache-2.0",
      "requiredBy": ["org.junit.jupiter:junit-jupiter-api"],
      "vulnerabilities": []
    },
    "org.junit.platform:junit-platform-commons": {
      "version": "1.4.0",
      "license": "EPL-2.0",
      "requiredBy": ["org.junit.jupiter:junit-jupiter-api"],
      "vulnerabilities": []
    },
    "net.bytebuddy:byte-buddy": {
      "version": "1.9.7",
      "license": "Apache-2.0",
      "requiredBy": ["org.mockito:mockito-core"],
      "vulnerabilities": []
    },
    "net.bytebuddy:byte-buddy-agent": {
      "version": "1.9.7",
      "license": "Apache-2.0",
      "requiredBy": ["org.mockito:mockito-core"],
      "vulnerabilities": []
    },
    "org.objenesis:objenesis": {
      "version": "2.6",
      "license": "Apache-2.0",
      "requiredBy": ["org.mockito:mockito-core"],
      "vulnerabilities": []
    }
  },
  "dependencyTree": {
    "org.springframework:spring-context": {
      "version": "5.1.5.RELEASE",
      "dependencies": {
        "org.springframework:spring-core": "5.1.5.RELEASE",
        "org.springframework:spring-beans": "5.1.5.RELEASE",
        "org.springframework:spring-aop": "5.1.5.RELEASE",
        "org.springframework:spring-expression": "5.1.5.RELEASE"
      }
    },
    "org.junit.jupiter:junit-jupiter-api": {
      "version": "5.4.0",
      "dependencies": {
        "org.opentest4j:opentest4j": "1.1.1",
        "org.junit.platform:junit-platform-commons": "1.4.0"
      }
    },
    "org.mockito:mockito-core": {
      "version": "2.25.0",
      "dependencies": {
        "net.bytebuddy:byte-buddy": "1.9.7",
        "net.bytebuddy:byte-buddy-agent": "1.9.7",
        "org.objenesis:objenesis": "2.6"
      }
    }
  },
  "securitySummary": {
    "vulnerabilities": {
      "critical": 0,
      "high": 1,
      "moderate": 0,
      "low": 0
    },
    "vulnerableDependencies": ["com.h2database:h2"]
  },
  "outdatedPackages": {
    "org.springframework:spring-context": {
      "currentVersion": "5.1.5.RELEASE",
      "latestVersion": "6.0.11",
      "recommendation": "Consider upgrading to at least 5.3.29 for security fixes"
    },
    "com.google.guava:guava": {
      "currentVersion": "27.1-jre",
      "latestVersion": "32.1.2-jre",
      "recommendation": "Upgrade recommended"
    },
    "org.junit.jupiter:junit-jupiter-api": {
      "currentVersion": "5.4.0",
      "latestVersion": "5.10.0",
      "recommendation": "Upgrade recommended"
    },
    "com.h2database:h2": {
      "currentVersion": "1.4.199",
      "latestVersion": "2.2.224",
      "recommendation": "Urgent upgrade required due to CVE-2021-23463"
    }
  }
}